
Microsoft Visual Studio Solution File, Format Version 12.00
# Visual Studio Version 17
VisualStudioVersion = 17.14.36429.23
MinimumVisualStudioVersion = 10.0.40219.1
Project("{2150E333-8FDC-42A3-9474-1A3956D46DE8}") = "Task0", "Task0", "{02EA681E-C7D8-13C7-8484-4AC65E1B71E8}"
EndProject
Project("{FAE04EC0-301F-11D3-BF4B-00C04F79EFBC}") = "Tyuiu.KochetovKO.Sprint0.Task0.V0", "Tyuiu.KochetovKO.Sprint0.Task0.V0\Tyuiu.KochetovKO.Sprint0.Task0.V0.csproj", "{BCEC9797-A0F6-48F5-9F2E-09CF2D536875}"
EndProject
Project("{2150E333-8FDC-42A3-9474-1A3956D46DE8}") = "Task1", "Task1", "{8426E99F-5BD0-4D21-AB6D-5167745B5422}"
EndProject
Project("{FAE04EC0-301F-11D3-BF4B-00C04F79EFBC}") = "Tyuiu.KochetoKO.Sprint0.Task1.V0", "Tyuiu.KochetoKO.Sprint0.Task0.V1\Tyuiu.KochetoKO.Sprint0.Task1.V0.csproj", "{B83CDC04-0CB2-4157-8D35-FD3BE3C59667}"
EndProject
Global
	GlobalSection(SolutionConfigurationPlatforms) = preSolution
		Debug|Any CPU = Debug|Any CPU
		Release|Any CPU = Release|Any CPU
	EndGlobalSection
	GlobalSection(ProjectConfigurationPlatforms) = postSolution
		{BCEC9797-A0F6-48F5-9F2E-09CF2D536875}.Debug|Any CPU.ActiveCfg = Debug|Any CPU
		{BCEC9797-A0F6-48F5-9F2E-09CF2D536875}.Debug|Any CPU.Build.0 = Debug|Any CPU
		{BCEC9797-A0F6-48F5-9F2E-09CF2D536875}.Release|Any CPU.ActiveCfg = Release|Any CPU
		{BCEC9797-A0F6-48F5-9F2E-09CF2D536875}.Release|Any CPU.Build.0 = Release|Any CPU
		{B83CDC04-0CB2-4157-8D35-FD3BE3C59667}.Debug|Any CPU.ActiveCfg = Debug|Any CPU
		{B83CDC04-0CB2-4157-8D35-FD3BE3C59667}.Debug|Any CPU.Build.0 = Debug|Any CPU
		{B83CDC04-0CB2-4157-8D35-FD3BE3C59667}.Release|Any CPU.ActiveCfg = Release|Any CPU
		{B83CDC04-0CB2-4157-8D35-FD3BE3C59667}.Release|Any CPU.Build.0 = Release|Any CPU
	EndGlobalSection
	GlobalSection(SolutionProperties) = preSolution
		HideSolutionNode = FALSE
	EndGlobalSection
	GlobalSection(NestedProjects) = preSolution
		{BCEC9797-A0F6-48F5-9F2E-09CF2D536875} = {02EA681E-C7D8-13C7-8484-4AC65E1B71E8}
		{B83CDC04-0CB2-4157-8D35-FD3BE3C59667} = {8426E99F-5BD0-4D21-AB6D-5167745B5422}
	EndGlobalSection
	GlobalSection(ExtensibilityGlobals) = postSolution
		SolutionGuid = {E9A7B0E2-D6C4-472D-96F3-553DC4CA254C}
	EndGlobalSection
EndGlobal
