
Microsoft Visual Studio Solution File, Format Version 12.00
# Visual Studio Version 17
VisualStudioVersion = 17.14.36429.23
MinimumVisualStudioVersion = 10.0.40219.1
Project("{2150E333-8FDC-42A3-9474-1A3956D46DE8}") = "Task0", "Task0", "{02EA681E-C7D8-13C7-8484-4AC65E1B71E8}"
EndProject
Project("{FAE04EC0-301F-11D3-BF4B-00C04F79EFBC}") = "Tyuiu.KochetovKO.Sprint0.Task0.V0", "Tyuiu.KochetovKO.Sprint0.Task0.V0\Tyuiu.KochetovKO.Sprint0.Task0.V0.csproj", "{BCEC9797-A0F6-48F5-9F2E-09CF2D536875}"
EndProject
Project("{2150E333-8FDC-42A3-9474-1A3956D46DE8}") = "Task1", "Task1", "{8426E99F-5BD0-4D21-AB6D-5167745B5422}"
EndProject
Project("{FAE04EC0-301F-11D3-BF4B-00C04F79EFBC}") = "Tyuiu.KochetoKO.Sprint0.Task1.V0", "Tyuiu.KochetoKO.Sprint0.Task0.V1\Tyuiu.KochetoKO.Sprint0.Task1.V0.csproj", "{B83CDC04-0CB2-4157-8D35-FD3BE3C59667}"
EndProject
Project("{2150E333-8FDC-42A3-9474-1A3956D46DE8}") = "Task2", "Task2", "{EA49CF4C-7486-4D1F-BADA-A401E5ADBD70}"
EndProject
Project("{FAE04EC0-301F-11D3-BF4B-00C04F79EFBC}") = "Tyuiu.KochetovKO.Sprint0.Task2.V0.Lib", "Tyuiu.KochetovKO.Sprint0.Task2.V0.Lib\Tyuiu.KochetovKO.Sprint0.Task2.V0.Lib.csproj", "{72164691-CD6F-40CC-A481-06A37B944FFE}"
EndProject
Project("{FAE04EC0-301F-11D3-BF4B-00C04F79EFBC}") = "Tyuiu.KochetovKO.Sprint0.Task2.V0", "Tyuiu.KochetovKO.Sprint0.Task2.V0\Tyuiu.KochetovKO.Sprint0.Task2.V0.csproj", "{C8B6A328-234D-48B5-9C8D-025A30D22C4D}"
EndProject
Project("{FAE04EC0-301F-11D3-BF4B-00C04F79EFBC}") = "Tyuiu.KochetovKO.Sprint0.Task2.V0.Test", "Tyuiu.KochetovKO.Sprint0.Task2.V0.Test\Tyuiu.KochetovKO.Sprint0.Task2.V0.Test.csproj", "{EC987C3E-E5C2-4A9C-A675-D41F6632154B}"
EndProject
Project("{2150E333-8FDC-42A3-9474-1A3956D46DE8}") = "Task3", "Task3", "{59BF3120-7074-48E8-BB55-DDDEF1052D3D}"
EndProject
Project("{FAE04EC0-301F-11D3-BF4B-00C04F79EFBC}") = "Tyuiu.KochetovKO.Sprint0.Task3.V0", "Tyuiu.KochetovKO.Sprint0.Task3.V0\Tyuiu.KochetovKO.Sprint0.Task3.V0.csproj", "{A61F9B44-92F6-4C90-905A-B041E8BE7CE2}"
EndProject
Project("{FAE04EC0-301F-11D3-BF4B-00C04F79EFBC}") = "Tyuiu.KochetovKO.Sprint0.Task3.V0.Lib", "Tyuiu.KochetovKO.Sprint0.Task3.V0.Lib\Tyuiu.KochetovKO.Sprint0.Task3.V0.Lib.csproj", "{FF37CA74-44C8-449A-8E47-81B95421D342}"
EndProject
Project("{FAE04EC0-301F-11D3-BF4B-00C04F79EFBC}") = "Tyuiu.KochetovKO.Sprint0.Task3.V0.Test", "Tyuiu.KochetovKO.Sprint0.Task3.V0.Test\Tyuiu.KochetovKO.Sprint0.Task3.V0.Test.csproj", "{E8E53897-FF80-4B47-B67C-E7E6CA6B43F5}"
EndProject
Project("{2150E333-8FDC-42A3-9474-1A3956D46DE8}") = "Task4", "Task4", "{A7B4CA47-594F-4488-8ECE-05DE21B9038F}"
EndProject
Project("{FAE04EC0-301F-11D3-BF4B-00C04F79EFBC}") = "Tyuiu.KochetovKO.Sprint0.Task4.V0", "Tyuiu.KochetovKO.Sprint0.Task4.V0\Tyuiu.KochetovKO.Sprint0.Task4.V0.csproj", "{3D9FD442-6B1A-4C23-9825-5D428A4D412B}"
EndProject
Project("{FAE04EC0-301F-11D3-BF4B-00C04F79EFBC}") = "Tyuiu.KochetovKO.Sprint0.Task4.V0.Lib", "Tyuiu.KochetovKO.Sprint0.Task4.V0.Lib\Tyuiu.KochetovKO.Sprint0.Task4.V0.Lib.csproj", "{C6F10FBA-9667-41DB-B0D5-62A13B40CDF3}"
EndProject
Project("{FAE04EC0-301F-11D3-BF4B-00C04F79EFBC}") = "Tyuiu.KochetovKO.V.Test", "Tyuiu.KochetovKO.V.Test\Tyuiu.KochetovKO.V.Test.csproj", "{72529508-EE71-42C8-ADC3-D2FF1973FA99}"
EndProject
Global
	GlobalSection(SolutionConfigurationPlatforms) = preSolution
		Debug|Any CPU = Debug|Any CPU
		Release|Any CPU = Release|Any CPU
	EndGlobalSection
	GlobalSection(ProjectConfigurationPlatforms) = postSolution
		{BCEC9797-A0F6-48F5-9F2E-09CF2D536875}.Debug|Any CPU.ActiveCfg = Debug|Any CPU
		{BCEC9797-A0F6-48F5-9F2E-09CF2D536875}.Debug|Any CPU.Build.0 = Debug|Any CPU
		{BCEC9797-A0F6-48F5-9F2E-09CF2D536875}.Release|Any CPU.ActiveCfg = Release|Any CPU
		{BCEC9797-A0F6-48F5-9F2E-09CF2D536875}.Release|Any CPU.Build.0 = Release|Any CPU
		{B83CDC04-0CB2-4157-8D35-FD3BE3C59667}.Debug|Any CPU.ActiveCfg = Debug|Any CPU
		{B83CDC04-0CB2-4157-8D35-FD3BE3C59667}.Debug|Any CPU.Build.0 = Debug|Any CPU
		{B83CDC04-0CB2-4157-8D35-FD3BE3C59667}.Release|Any CPU.ActiveCfg = Release|Any CPU
		{B83CDC04-0CB2-4157-8D35-FD3BE3C59667}.Release|Any CPU.Build.0 = Release|Any CPU
		{72164691-CD6F-40CC-A481-06A37B944FFE}.Debug|Any CPU.ActiveCfg = Debug|Any CPU
		{72164691-CD6F-40CC-A481-06A37B944FFE}.Debug|Any CPU.Build.0 = Debug|Any CPU
		{72164691-CD6F-40CC-A481-06A37B944FFE}.Release|Any CPU.ActiveCfg = Release|Any CPU
		{72164691-CD6F-40CC-A481-06A37B944FFE}.Release|Any CPU.Build.0 = Release|Any CPU
		{C8B6A328-234D-48B5-9C8D-025A30D22C4D}.Debug|Any CPU.ActiveCfg = Debug|Any CPU
		{C8B6A328-234D-48B5-9C8D-025A30D22C4D}.Debug|Any CPU.Build.0 = Debug|Any CPU
		{C8B6A328-234D-48B5-9C8D-025A30D22C4D}.Release|Any CPU.ActiveCfg = Release|Any CPU
		{C8B6A328-234D-48B5-9C8D-025A30D22C4D}.Release|Any CPU.Build.0 = Release|Any CPU
		{EC987C3E-E5C2-4A9C-A675-D41F6632154B}.Debug|Any CPU.ActiveCfg = Debug|Any CPU
		{EC987C3E-E5C2-4A9C-A675-D41F6632154B}.Debug|Any CPU.Build.0 = Debug|Any CPU
		{EC987C3E-E5C2-4A9C-A675-D41F6632154B}.Release|Any CPU.ActiveCfg = Release|Any CPU
		{EC987C3E-E5C2-4A9C-A675-D41F6632154B}.Release|Any CPU.Build.0 = Release|Any CPU
		{A61F9B44-92F6-4C90-905A-B041E8BE7CE2}.Debug|Any CPU.ActiveCfg = Debug|Any CPU
		{A61F9B44-92F6-4C90-905A-B041E8BE7CE2}.Debug|Any CPU.Build.0 = Debug|Any CPU
		{A61F9B44-92F6-4C90-905A-B041E8BE7CE2}.Release|Any CPU.ActiveCfg = Release|Any CPU
		{A61F9B44-92F6-4C90-905A-B041E8BE7CE2}.Release|Any CPU.Build.0 = Release|Any CPU
		{FF37CA74-44C8-449A-8E47-81B95421D342}.Debug|Any CPU.ActiveCfg = Debug|Any CPU
		{FF37CA74-44C8-449A-8E47-81B95421D342}.Debug|Any CPU.Build.0 = Debug|Any CPU
		{FF37CA74-44C8-449A-8E47-81B95421D342}.Release|Any CPU.ActiveCfg = Release|Any CPU
		{FF37CA74-44C8-449A-8E47-81B95421D342}.Release|Any CPU.Build.0 = Release|Any CPU
		{E8E53897-FF80-4B47-B67C-E7E6CA6B43F5}.Debug|Any CPU.ActiveCfg = Debug|Any CPU
		{E8E53897-FF80-4B47-B67C-E7E6CA6B43F5}.Debug|Any CPU.Build.0 = Debug|Any CPU
		{E8E53897-FF80-4B47-B67C-E7E6CA6B43F5}.Release|Any CPU.ActiveCfg = Release|Any CPU
		{E8E53897-FF80-4B47-B67C-E7E6CA6B43F5}.Release|Any CPU.Build.0 = Release|Any CPU
		{3D9FD442-6B1A-4C23-9825-5D428A4D412B}.Debug|Any CPU.ActiveCfg = Debug|Any CPU
		{3D9FD442-6B1A-4C23-9825-5D428A4D412B}.Debug|Any CPU.Build.0 = Debug|Any CPU
		{3D9FD442-6B1A-4C23-9825-5D428A4D412B}.Release|Any CPU.ActiveCfg = Release|Any CPU
		{3D9FD442-6B1A-4C23-9825-5D428A4D412B}.Release|Any CPU.Build.0 = Release|Any CPU
		{C6F10FBA-9667-41DB-B0D5-62A13B40CDF3}.Debug|Any CPU.ActiveCfg = Debug|Any CPU
		{C6F10FBA-9667-41DB-B0D5-62A13B40CDF3}.Debug|Any CPU.Build.0 = Debug|Any CPU
		{C6F10FBA-9667-41DB-B0D5-62A13B40CDF3}.Release|Any CPU.ActiveCfg = Release|Any CPU
		{C6F10FBA-9667-41DB-B0D5-62A13B40CDF3}.Release|Any CPU.Build.0 = Release|Any CPU
		{72529508-EE71-42C8-ADC3-D2FF1973FA99}.Debug|Any CPU.ActiveCfg = Debug|Any CPU
		{72529508-EE71-42C8-ADC3-D2FF1973FA99}.Debug|Any CPU.Build.0 = Debug|Any CPU
		{72529508-EE71-42C8-ADC3-D2FF1973FA99}.Release|Any CPU.ActiveCfg = Release|Any CPU
		{72529508-EE71-42C8-ADC3-D2FF1973FA99}.Release|Any CPU.Build.0 = Release|Any CPU
	EndGlobalSection
	GlobalSection(SolutionProperties) = preSolution
		HideSolutionNode = FALSE
	EndGlobalSection
	GlobalSection(NestedProjects) = preSolution
		{BCEC9797-A0F6-48F5-9F2E-09CF2D536875} = {02EA681E-C7D8-13C7-8484-4AC65E1B71E8}
		{B83CDC04-0CB2-4157-8D35-FD3BE3C59667} = {8426E99F-5BD0-4D21-AB6D-5167745B5422}
		{72164691-CD6F-40CC-A481-06A37B944FFE} = {EA49CF4C-7486-4D1F-BADA-A401E5ADBD70}
		{C8B6A328-234D-48B5-9C8D-025A30D22C4D} = {EA49CF4C-7486-4D1F-BADA-A401E5ADBD70}
		{EC987C3E-E5C2-4A9C-A675-D41F6632154B} = {EA49CF4C-7486-4D1F-BADA-A401E5ADBD70}
		{A61F9B44-92F6-4C90-905A-B041E8BE7CE2} = {59BF3120-7074-48E8-BB55-DDDEF1052D3D}
		{FF37CA74-44C8-449A-8E47-81B95421D342} = {59BF3120-7074-48E8-BB55-DDDEF1052D3D}
		{E8E53897-FF80-4B47-B67C-E7E6CA6B43F5} = {59BF3120-7074-48E8-BB55-DDDEF1052D3D}
		{3D9FD442-6B1A-4C23-9825-5D428A4D412B} = {A7B4CA47-594F-4488-8ECE-05DE21B9038F}
		{C6F10FBA-9667-41DB-B0D5-62A13B40CDF3} = {A7B4CA47-594F-4488-8ECE-05DE21B9038F}
		{72529508-EE71-42C8-ADC3-D2FF1973FA99} = {A7B4CA47-594F-4488-8ECE-05DE21B9038F}
	EndGlobalSection
	GlobalSection(ExtensibilityGlobals) = postSolution
		SolutionGuid = {E9A7B0E2-D6C4-472D-96F3-553DC4CA254C}
	EndGlobalSection
EndGlobal
